
Microsoft Visual Studio Solution File, Format Version 12.00
# Visual Studio Version 16
VisualStudioVersion = 16.0.30907.101
MinimumVisualStudioVersion = 10.0.40219.1
Project("{FAE04EC0-301F-11D3-BF4B-00C04F79EFBC}") = "NumereRationale", "NumereRationale\NumereRationale.csproj", "{E8712534-2948-4EA6-89EC-01D690E66DD4}"
EndProject
Global
	GlobalSection(SolutionConfigurationPlatforms) = preSolution
		Debug|Any CPU = Debug|Any CPU
		Release|Any CPU = Release|Any CPU
	EndGlobalSection
	GlobalSection(ProjectConfigurationPlatforms) = postSolution
		{E8712534-2948-4EA6-89EC-01D690E66DD4}.Debug|Any CPU.ActiveCfg = Debug|Any CPU
		{E8712534-2948-4EA6-89EC-01D690E66DD4}.Debug|Any CPU.Build.0 = Debug|Any CPU
		{E8712534-2948-4EA6-89EC-01D690E66DD4}.Release|Any CPU.ActiveCfg = Release|Any CPU
		{E8712534-2948-4EA6-89EC-01D690E66DD4}.Release|Any CPU.Build.0 = Release|Any CPU
	EndGlobalSection
	GlobalSection(SolutionProperties) = preSolution
		HideSolutionNode = FALSE
	EndGlobalSection
	GlobalSection(ExtensibilityGlobals) = postSolution
		SolutionGuid = {6E99946C-F459-491B-AEC6-FC7F4AAD9161}
	EndGlobalSection
EndGlobal
